
Microsoft Visual Studio Solution File, Format Version 12.00
# Visual Studio Version 17
VisualStudioVersion = 17.4.33213.308
MinimumVisualStudioVersion = 10.0.40219.1
Project("{FAE04EC0-301F-11D3-BF4B-00C04F79EFBC}") = "BlogWeb", "BlogWeb\BlogWeb.csproj", "{17444806-9183-4FDC-B260-D3AF807AF17B}"
EndProject
Global
	GlobalSection(SolutionConfigurationPlatforms) = preSolution
		Debug|Any CPU = Debug|Any CPU
		Release|Any CPU = Release|Any CPU
	EndGlobalSection
	GlobalSection(ProjectConfigurationPlatforms) = postSolution
		{17444806-9183-4FDC-B260-D3AF807AF17B}.Debug|Any CPU.ActiveCfg = Debug|Any CPU
		{17444806-9183-4FDC-B260-D3AF807AF17B}.Debug|Any CPU.Build.0 = Debug|Any CPU
		{17444806-9183-4FDC-B260-D3AF807AF17B}.Release|Any CPU.ActiveCfg = Release|Any CPU
		{17444806-9183-4FDC-B260-D3AF807AF17B}.Release|Any CPU.Build.0 = Release|Any CPU
	EndGlobalSection
	GlobalSection(SolutionProperties) = preSolution
		HideSolutionNode = FALSE
	EndGlobalSection
	GlobalSection(ExtensibilityGlobals) = postSolution
		SolutionGuid = {86B4ECD7-CBDF-4A71-B7E4-6DE73E1AD333}
	EndGlobalSection
EndGlobal
